
Microsoft Visual Studio Solution File, Format Version 12.00
# Visual Studio Version 17
VisualStudioVersion = 17.6.33829.357
MinimumVisualStudioVersion = 10.0.40219.1
Project("{FAE04EC0-301F-11D3-BF4B-00C04F79EFBC}") = "BookStore_Project", "BookStore_Project\BookStore_Project.csproj", "{E6F0A93C-DA5C-423F-9E55-1C455E13B149}"
EndProject
Global
	GlobalSection(SolutionConfigurationPlatforms) = preSolution
		Debug|Any CPU = Debug|Any CPU
		Release|Any CPU = Release|Any CPU
	EndGlobalSection
	GlobalSection(ProjectConfigurationPlatforms) = postSolution
		{E6F0A93C-DA5C-423F-9E55-1C455E13B149}.Debug|Any CPU.ActiveCfg = Debug|Any CPU
		{E6F0A93C-DA5C-423F-9E55-1C455E13B149}.Debug|Any CPU.Build.0 = Debug|Any CPU
		{E6F0A93C-DA5C-423F-9E55-1C455E13B149}.Release|Any CPU.ActiveCfg = Release|Any CPU
		{E6F0A93C-DA5C-423F-9E55-1C455E13B149}.Release|Any CPU.Build.0 = Release|Any CPU
	EndGlobalSection
	GlobalSection(SolutionProperties) = preSolution
		HideSolutionNode = FALSE
	EndGlobalSection
	GlobalSection(ExtensibilityGlobals) = postSolution
		SolutionGuid = {ABCE2F9A-A8A9-4BDD-B711-4E70A68B35CB}
	EndGlobalSection
EndGlobal
